
Microsoft Visual Studio Solution File, Format Version 12.00
# Visual Studio 2013
VisualStudioVersion = 12.0.21005.1
MinimumVisualStudioVersion = 10.0.40219.1
Project("{FAE04EC0-301F-11D3-BF4B-00C04F79EFBC}") = "MorpionIA", "MorpionIA\MorpionIA.csproj", "{E2D44958-84EB-4A2D-8709-23A18E1A4718}"
EndProject
Project("{FAE04EC0-301F-11D3-BF4B-00C04F79EFBC}") = "Game", "Game\Game.csproj", "{6562EBA2-7809-42BD-9619-E216E93B48B9}"
EndProject
Project("{FAE04EC0-301F-11D3-BF4B-00C04F79EFBC}") = "Extensions", "Extensions\Extensions.csproj", "{A4BB3F7D-5F25-48B7-B2B6-ACDBFCB25DF1}"
EndProject
Global
	GlobalSection(SolutionConfigurationPlatforms) = preSolution
		Debug|Any CPU = Debug|Any CPU
		Release|Any CPU = Release|Any CPU
	EndGlobalSection
	GlobalSection(ProjectConfigurationPlatforms) = postSolution
		{E2D44958-84EB-4A2D-8709-23A18E1A4718}.Debug|Any CPU.ActiveCfg = Debug|Any CPU
		{E2D44958-84EB-4A2D-8709-23A18E1A4718}.Debug|Any CPU.Build.0 = Debug|Any CPU
		{E2D44958-84EB-4A2D-8709-23A18E1A4718}.Release|Any CPU.ActiveCfg = Release|Any CPU
		{E2D44958-84EB-4A2D-8709-23A18E1A4718}.Release|Any CPU.Build.0 = Release|Any CPU
		{6562EBA2-7809-42BD-9619-E216E93B48B9}.Debug|Any CPU.ActiveCfg = Debug|Any CPU
		{6562EBA2-7809-42BD-9619-E216E93B48B9}.Debug|Any CPU.Build.0 = Debug|Any CPU
		{6562EBA2-7809-42BD-9619-E216E93B48B9}.Release|Any CPU.ActiveCfg = Release|Any CPU
		{6562EBA2-7809-42BD-9619-E216E93B48B9}.Release|Any CPU.Build.0 = Release|Any CPU
		{A4BB3F7D-5F25-48B7-B2B6-ACDBFCB25DF1}.Debug|Any CPU.ActiveCfg = Debug|Any CPU
		{A4BB3F7D-5F25-48B7-B2B6-ACDBFCB25DF1}.Debug|Any CPU.Build.0 = Debug|Any CPU
		{A4BB3F7D-5F25-48B7-B2B6-ACDBFCB25DF1}.Release|Any CPU.ActiveCfg = Release|Any CPU
		{A4BB3F7D-5F25-48B7-B2B6-ACDBFCB25DF1}.Release|Any CPU.Build.0 = Release|Any CPU
	EndGlobalSection
	GlobalSection(SolutionProperties) = preSolution
		HideSolutionNode = FALSE
	EndGlobalSection
EndGlobal
